// !$*UTF8*$!
{
	archiveVersion = 1;
	classes = {
	};
	objectVersion = 56;
	objects = {

/* Begin PBXBuildFile section */
		670E329D2B9498BD00C7310E /* LeaderboardRowView.swift in Sources */ = {isa = PBXBuildFile; fileRef = 670E329C2B9498BD00C7310E /* LeaderboardRowView.swift */; };
		670E32B22B94A26E00C7310E /* Poppins-ExtraLight.ttf in Resources */ = {isa = PBXBuildFile; fileRef = 670E329F2B94A26E00C7310E /* Poppins-ExtraLight.ttf */; };
		670E32B32B94A26E00C7310E /* Poppins-ThinItalic.ttf in Resources */ = {isa = PBXBuildFile; fileRef = 670E32A02B94A26E00C7310E /* Poppins-ThinItalic.ttf */; };
		670E32B42B94A26E00C7310E /* Poppins-ExtraLightItalic.ttf in Resources */ = {isa = PBXBuildFile; fileRef = 670E32A12B94A26E00C7310E /* Poppins-ExtraLightItalic.ttf */; };
		670E32B52B94A26E00C7310E /* Poppins-BoldItalic.ttf in Resources */ = {isa = PBXBuildFile; fileRef = 670E32A22B94A26E00C7310E /* Poppins-BoldItalic.ttf */; };
		670E32B62B94A26E00C7310E /* Poppins-Light.ttf in Resources */ = {isa = PBXBuildFile; fileRef = 670E32A32B94A26E00C7310E /* Poppins-Light.ttf */; };
		670E32B72B94A26E00C7310E /* Poppins-Medium.ttf in Resources */ = {isa = PBXBuildFile; fileRef = 670E32A42B94A26E00C7310E /* Poppins-Medium.ttf */; };
		670E32B82B94A26E00C7310E /* Poppins-SemiBoldItalic.ttf in Resources */ = {isa = PBXBuildFile; fileRef = 670E32A52B94A26E00C7310E /* Poppins-SemiBoldItalic.ttf */; };
		670E32B92B94A26E00C7310E /* Poppins-ExtraBoldItalic.ttf in Resources */ = {isa = PBXBuildFile; fileRef = 670E32A62B94A26E00C7310E /* Poppins-ExtraBoldItalic.ttf */; };
		670E32BA2B94A26E00C7310E /* Poppins-ExtraBold.ttf in Resources */ = {isa = PBXBuildFile; fileRef = 670E32A72B94A26E00C7310E /* Poppins-ExtraBold.ttf */; };
		670E32BB2B94A26E00C7310E /* Poppins-BlackItalic.ttf in Resources */ = {isa = PBXBuildFile; fileRef = 670E32A82B94A26E00C7310E /* Poppins-BlackItalic.ttf */; };
		670E32BC2B94A26E00C7310E /* OFL.txt in Resources */ = {isa = PBXBuildFile; fileRef = 670E32A92B94A26E00C7310E /* OFL.txt */; };
		670E32BD2B94A26E00C7310E /* Poppins-Regular.ttf in Resources */ = {isa = PBXBuildFile; fileRef = 670E32AA2B94A26E00C7310E /* Poppins-Regular.ttf */; };
		670E32BE2B94A26E00C7310E /* Poppins-LightItalic.ttf in Resources */ = {isa = PBXBuildFile; fileRef = 670E32AB2B94A26E00C7310E /* Poppins-LightItalic.ttf */; };
		670E32BF2B94A26E00C7310E /* Poppins-Bold.ttf in Resources */ = {isa = PBXBuildFile; fileRef = 670E32AC2B94A26E00C7310E /* Poppins-Bold.ttf */; };
		670E32C02B94A26E00C7310E /* Poppins-Black.ttf in Resources */ = {isa = PBXBuildFile; fileRef = 670E32AD2B94A26E00C7310E /* Poppins-Black.ttf */; };
		670E32C12B94A26E00C7310E /* Poppins-Thin.ttf in Resources */ = {isa = PBXBuildFile; fileRef = 670E32AE2B94A26E00C7310E /* Poppins-Thin.ttf */; };
		670E32C22B94A26E00C7310E /* Poppins-SemiBold.ttf in Resources */ = {isa = PBXBuildFile; fileRef = 670E32AF2B94A26E00C7310E /* Poppins-SemiBold.ttf */; };
		670E32C32B94A26E00C7310E /* Poppins-Italic.ttf in Resources */ = {isa = PBXBuildFile; fileRef = 670E32B02B94A26E00C7310E /* Poppins-Italic.ttf */; };
		670E32C42B94A26E00C7310E /* Poppins-MediumItalic.ttf in Resources */ = {isa = PBXBuildFile; fileRef = 670E32B12B94A26E00C7310E /* Poppins-MediumItalic.ttf */; };
		6725F1862BA83D5D00236182 /* WebService.swift in Sources */ = {isa = PBXBuildFile; fileRef = 6725F1852BA83D5D00236182 /* WebService.swift */; };
		673929472B8FEA3A00F9B266 /* CalendarCardView.swift in Sources */ = {isa = PBXBuildFile; fileRef = 673929462B8FEA3A00F9B266 /* CalendarCardView.swift */; };
		673929492B8FEA4500F9B266 /* QuickyCardView.swift in Sources */ = {isa = PBXBuildFile; fileRef = 673929482B8FEA4500F9B266 /* QuickyCardView.swift */; };
		6739294B2B8FEA5100F9B266 /* CertificatesCardView.swift in Sources */ = {isa = PBXBuildFile; fileRef = 6739294A2B8FEA5100F9B266 /* CertificatesCardView.swift */; };
		6739294D2B8FEA5B00F9B266 /* BadgesCardView.swift in Sources */ = {isa = PBXBuildFile; fileRef = 6739294C2B8FEA5B00F9B266 /* BadgesCardView.swift */; };
		6739294F2B90A70000F9B266 /* CardShape.swift in Sources */ = {isa = PBXBuildFile; fileRef = 6739294E2B90A70000F9B266 /* CardShape.swift */; };
		673929512B90C7A700F9B266 /* CertificateModel.swift in Sources */ = {isa = PBXBuildFile; fileRef = 673929502B90C7A700F9B266 /* CertificateModel.swift */; };
		673929532B90EFEA00F9B266 /* FindPeopleView.swift in Sources */ = {isa = PBXBuildFile; fileRef = 673929522B90EFEA00F9B266 /* FindPeopleView.swift */; };
		673929552B90F34A00F9B266 /* MyCustomButtonStyle.swift in Sources */ = {isa = PBXBuildFile; fileRef = 673929542B90F34A00F9B266 /* MyCustomButtonStyle.swift */; };
		673929572B91106E00F9B266 /* DailyTaskModel.swift in Sources */ = {isa = PBXBuildFile; fileRef = 673929562B91106E00F9B266 /* DailyTaskModel.swift */; };
		673929592B915B8600F9B266 /* QuickSkillQuizView.swift in Sources */ = {isa = PBXBuildFile; fileRef = 673929582B915B8600F9B266 /* QuickSkillQuizView.swift */; };
		6739295B2B92188400F9B266 /* LessonView.swift in Sources */ = {isa = PBXBuildFile; fileRef = 6739295A2B92188400F9B266 /* LessonView.swift */; };
		6739295E2B9218A500F9B266 /* YouTubeView.swift in Sources */ = {isa = PBXBuildFile; fileRef = 6739295D2B9218A500F9B266 /* YouTubeView.swift */; };
		67392A232B9366EB00F9B266 /* SnapCarouselView.swift in Sources */ = {isa = PBXBuildFile; fileRef = 67392A222B9366EB00F9B266 /* SnapCarouselView.swift */; };
		67392A262B936A6C00F9B266 /* SnapCarousel.swift in Sources */ = {isa = PBXBuildFile; fileRef = 67392A252B936A6C00F9B266 /* SnapCarousel.swift */; };
		674A604B2B82C26600D21116 /* PresentationView.swift in Sources */ = {isa = PBXBuildFile; fileRef = 674A604A2B82C26600D21116 /* PresentationView.swift */; };
		674A60832B83EA3A00D21116 /* LogInView.swift in Sources */ = {isa = PBXBuildFile; fileRef = 674A60822B83EA3A00D21116 /* LogInView.swift */; };
		674A60852B83EE0500D21116 /* UserModel.swift in Sources */ = {isa = PBXBuildFile; fileRef = 674A60842B83EE0500D21116 /* UserModel.swift */; };
		674A60872B83EEE000D21116 /* RegistrationView.swift in Sources */ = {isa = PBXBuildFile; fileRef = 674A60862B83EEE000D21116 /* RegistrationView.swift */; };
		674A608B2B83F47100D21116 /* MainView.swift in Sources */ = {isa = PBXBuildFile; fileRef = 674A608A2B83F47100D21116 /* MainView.swift */; };
		674A608F2B84D4AD00D21116 /* SocialNetworksView.swift in Sources */ = {isa = PBXBuildFile; fileRef = 674A608E2B84D4AD00D21116 /* SocialNetworksView.swift */; };
		674A60912B84D54700D21116 /* ResetPasswordView.swift in Sources */ = {isa = PBXBuildFile; fileRef = 674A60902B84D54700D21116 /* ResetPasswordView.swift */; };
		674A60932B84E15E00D21116 /* ResetPasswordViewModel.swift in Sources */ = {isa = PBXBuildFile; fileRef = 674A60922B84E15E00D21116 /* ResetPasswordViewModel.swift */; };
		674A60972B852FEB00D21116 /* LeaderBoardView.swift in Sources */ = {isa = PBXBuildFile; fileRef = 674A60962B852FEB00D21116 /* LeaderBoardView.swift */; };
		674A60992B8531FF00D21116 /* CommunityView.swift in Sources */ = {isa = PBXBuildFile; fileRef = 674A60982B8531FF00D21116 /* CommunityView.swift */; };
		674A609B2B85321400D21116 /* ProfileView.swift in Sources */ = {isa = PBXBuildFile; fileRef = 674A609A2B85321400D21116 /* ProfileView.swift */; };
		674A609D2B85326A00D21116 /* TabBarView.swift in Sources */ = {isa = PBXBuildFile; fileRef = 674A609C2B85326A00D21116 /* TabBarView.swift */; };
		674A609F2B85328600D21116 /* MyHomeView.swift in Sources */ = {isa = PBXBuildFile; fileRef = 674A609E2B85328600D21116 /* MyHomeView.swift */; };
		674A60A32B860E0000D21116 /* LeagueModel.swift in Sources */ = {isa = PBXBuildFile; fileRef = 674A60A22B860E0000D21116 /* LeagueModel.swift */; };
		674A60A82B88C12900D21116 /* GoalModel.swift in Sources */ = {isa = PBXBuildFile; fileRef = 674A60A72B88C12900D21116 /* GoalModel.swift */; };
		674A60AA2B88C21300D21116 /* SettingsView.swift in Sources */ = {isa = PBXBuildFile; fileRef = 674A60A92B88C21300D21116 /* SettingsView.swift */; };
		674A60AC2B88C27600D21116 /* Fonts.swift in Sources */ = {isa = PBXBuildFile; fileRef = 674A60AB2B88C27600D21116 /* Fonts.swift */; };
		674A60AE2B88D1B900D21116 /* ProfileSettingsView.swift in Sources */ = {isa = PBXBuildFile; fileRef = 674A60AD2B88D1B900D21116 /* ProfileSettingsView.swift */; };
		674A60B02B88D1C900D21116 /* ChangePasswordView.swift in Sources */ = {isa = PBXBuildFile; fileRef = 674A60AF2B88D1C900D21116 /* ChangePasswordView.swift */; };
		674A60B22B88D1D700D21116 /* DeleteAccountView.swift in Sources */ = {isa = PBXBuildFile; fileRef = 674A60B12B88D1D700D21116 /* DeleteAccountView.swift */; };
		674A60B42B88D1EB00D21116 /* GoalSettingView.swift in Sources */ = {isa = PBXBuildFile; fileRef = 674A60B32B88D1EB00D21116 /* GoalSettingView.swift */; };
		674A60B62B88D75000D21116 /* ContactUsView.swift in Sources */ = {isa = PBXBuildFile; fileRef = 674A60B52B88D75000D21116 /* ContactUsView.swift */; };
		674A60B82B88DEBA00D21116 /* LinkStringView.swift in Sources */ = {isa = PBXBuildFile; fileRef = 674A60B72B88DEBA00D21116 /* LinkStringView.swift */; };
		674A60BA2B892B1E00D21116 /* GoalSliderView.swift in Sources */ = {isa = PBXBuildFile; fileRef = 674A60B92B892B1E00D21116 /* GoalSliderView.swift */; };
		674A60BC2B8B8C7E00D21116 /* GetProView.swift in Sources */ = {isa = PBXBuildFile; fileRef = 674A60BB2B8B8C7E00D21116 /* GetProView.swift */; };
		674A60BE2B8B965400D21116 /* CardsProView.swift in Sources */ = {isa = PBXBuildFile; fileRef = 674A60BD2B8B965400D21116 /* CardsProView.swift */; };
		674A60C02B8BF6D800D21116 /* ShopView.swift in Sources */ = {isa = PBXBuildFile; fileRef = 674A60BF2B8BF6D800D21116 /* ShopView.swift */; };
		674A60C22B8C84D400D21116 /* ProLinkStringView.swift in Sources */ = {isa = PBXBuildFile; fileRef = 674A60C12B8C84D300D21116 /* ProLinkStringView.swift */; };
		674A60C42B8D145500D21116 /* KeychainManager.swift in Sources */ = {isa = PBXBuildFile; fileRef = 674A60C32B8D145500D21116 /* KeychainManager.swift */; };
		674A60C72B8D15DF00D21116 /* KeychainSwift in Frameworks */ = {isa = PBXBuildFile; productRef = 674A60C62B8D15DF00D21116 /* KeychainSwift */; };
		674A60C92B8D16C700D21116 /* UserViewModel.swift in Sources */ = {isa = PBXBuildFile; fileRef = 674A60C82B8D16C700D21116 /* UserViewModel.swift */; };
		674A60CB2B8D433500D21116 /* CourseModel.swift in Sources */ = {isa = PBXBuildFile; fileRef = 674A60CA2B8D433500D21116 /* CourseModel.swift */; };
		674A60CD2B8D436300D21116 /* LectureModel.swift in Sources */ = {isa = PBXBuildFile; fileRef = 674A60CC2B8D436300D21116 /* LectureModel.swift */; };
		674A60CF2B8D437900D21116 /* PracticeModel.swift in Sources */ = {isa = PBXBuildFile; fileRef = 674A60CE2B8D437900D21116 /* PracticeModel.swift */; };
		674A60D12B8D439100D21116 /* QuestionModel.swift in Sources */ = {isa = PBXBuildFile; fileRef = 674A60D02B8D439100D21116 /* QuestionModel.swift */; };
		674A60D32B8E2EAD00D21116 /* CommentModel.swift in Sources */ = {isa = PBXBuildFile; fileRef = 674A60D22B8E2EAD00D21116 /* CommentModel.swift */; };
		674A60D52B8E43FD00D21116 /* BadgeModel.swift in Sources */ = {isa = PBXBuildFile; fileRef = 674A60D42B8E43FD00D21116 /* BadgeModel.swift */; };
		674A60D72B8E544600D21116 /* AllCoursesView.swift in Sources */ = {isa = PBXBuildFile; fileRef = 674A60D62B8E544600D21116 /* AllCoursesView.swift */; };
		674A60D92B8E56F500D21116 /* CourseItemView.swift in Sources */ = {isa = PBXBuildFile; fileRef = 674A60D82B8E56F500D21116 /* CourseItemView.swift */; };
		674A60DB2B8E898100D21116 /* CourseView.swift in Sources */ = {isa = PBXBuildFile; fileRef = 674A60DA2B8E898100D21116 /* CourseView.swift */; };
		674A60DD2B8E9C3200D21116 /* ProgressCircleView.swift in Sources */ = {isa = PBXBuildFile; fileRef = 674A60DC2B8E9C3200D21116 /* ProgressCircleView.swift */; };
		67538CA62BA4970100D8D733 /* Alamofire in Frameworks */ = {isa = PBXBuildFile; productRef = 67538CA52BA4970100D8D733 /* Alamofire */; };
		675ED2342B77A0110039F0E9 /* QuickSkillApp.swift in Sources */ = {isa = PBXBuildFile; fileRef = 675ED2332B77A0110039F0E9 /* QuickSkillApp.swift */; };
		675ED2362B77A0110039F0E9 /* ContentView.swift in Sources */ = {isa = PBXBuildFile; fileRef = 675ED2352B77A0110039F0E9 /* ContentView.swift */; };
		675ED2382B77A0130039F0E9 /* Assets.xcassets in Resources */ = {isa = PBXBuildFile; fileRef = 675ED2372B77A0130039F0E9 /* Assets.xcassets */; };
		675ED23B2B77A0130039F0E9 /* Preview Assets.xcassets in Resources */ = {isa = PBXBuildFile; fileRef = 675ED23A2B77A0130039F0E9 /* Preview Assets.xcassets */; };
		675ED2452B77A0130039F0E9 /* QuickSkillTests.swift in Sources */ = {isa = PBXBuildFile; fileRef = 675ED2442B77A0130039F0E9 /* QuickSkillTests.swift */; };
		675ED24F2B77A0140039F0E9 /* QuickSkillUITests.swift in Sources */ = {isa = PBXBuildFile; fileRef = 675ED24E2B77A0140039F0E9 /* QuickSkillUITests.swift */; };
		675ED2512B77A0140039F0E9 /* QuickSkillUITestsLaunchTests.swift in Sources */ = {isa = PBXBuildFile; fileRef = 675ED2502B77A0140039F0E9 /* QuickSkillUITestsLaunchTests.swift */; };
		676FBAE02BB0ED0500B1EDB5 /* PartialSheet in Frameworks */ = {isa = PBXBuildFile; productRef = 676FBADF2BB0ED0500B1EDB5 /* PartialSheet */; };
		676FBAE22BB0EE8F00B1EDB5 /* SheetBattery.swift in Sources */ = {isa = PBXBuildFile; fileRef = 676FBAE12BB0EE8F00B1EDB5 /* SheetBattery.swift */; };
		676FBAE72BB1F49E00B1EDB5 /* SheetCrystall.swift in Sources */ = {isa = PBXBuildFile; fileRef = 676FBAE62BB1F49E00B1EDB5 /* SheetCrystall.swift */; };
		676FBAE92BB1F5E600B1EDB5 /* SheetStreak.swift in Sources */ = {isa = PBXBuildFile; fileRef = 676FBAE82BB1F5E600B1EDB5 /* SheetStreak.swift */; };
		676FBAEB2BB2354000B1EDB5 /* CustomSearchBarView.swift in Sources */ = {isa = PBXBuildFile; fileRef = 676FBAEA2BB2354000B1EDB5 /* CustomSearchBarView.swift */; };
		676FBAED2BB23C2500B1EDB5 /* FilterView.swift in Sources */ = {isa = PBXBuildFile; fileRef = 676FBAEC2BB23C2500B1EDB5 /* FilterView.swift */; };
		676FBAEF2BB24DAA00B1EDB5 /* ConfirmationView.swift in Sources */ = {isa = PBXBuildFile; fileRef = 676FBAEE2BB24DAA00B1EDB5 /* ConfirmationView.swift */; };
		676FBAF12BB252D700B1EDB5 /* File.swift in Sources */ = {isa = PBXBuildFile; fileRef = 676FBAF02BB252D700B1EDB5 /* File.swift */; };
		67CAF5242BA3ACB400A44658 /* NetworkServiceWithAlamofire.swift in Sources */ = {isa = PBXBuildFile; fileRef = 67CAF5232BA3ACB400A44658 /* NetworkServiceWithAlamofire.swift */; };
		67CAF52A2BA3F4E900A44658 /* Structs.swift in Sources */ = {isa = PBXBuildFile; fileRef = 67CAF5292BA3F4E900A44658 /* Structs.swift */; };
/* End PBXBuildFile section */

/* Begin PBXContainerItemProxy section */
		675ED2412B77A0130039F0E9 /* PBXContainerItemProxy */ = {
			isa = PBXContainerItemProxy;
			containerPortal = 675ED2282B77A0110039F0E9 /* Project object */;
			proxyType = 1;
			remoteGlobalIDString = 675ED22F2B77A0110039F0E9;
			remoteInfo = QuickSkill;
		};
		675ED24B2B77A0140039F0E9 /* PBXContainerItemProxy */ = {
			isa = PBXContainerItemProxy;
			containerPortal = 675ED2282B77A0110039F0E9 /* Project object */;
			proxyType = 1;
			remoteGlobalIDString = 675ED22F2B77A0110039F0E9;
			remoteInfo = QuickSkill;
		};
/* End PBXContainerItemProxy section */

/* Begin PBXFileReference section */
		670E329C2B9498BD00C7310E /* LeaderboardRowView.swift */ = {isa = PBXFileReference; lastKnownFileType = sourcecode.swift; path = LeaderboardRowView.swift; sourceTree = "<group>"; };
		670E329F2B94A26E00C7310E /* Poppins-ExtraLight.ttf */ = {isa = PBXFileReference; lastKnownFileType = file; path = "Poppins-ExtraLight.ttf"; sourceTree = "<group>"; };
		670E32A02B94A26E00C7310E /* Poppins-ThinItalic.ttf */ = {isa = PBXFileReference; lastKnownFileType = file; path = "Poppins-ThinItalic.ttf"; sourceTree = "<group>"; };
		670E32A12B94A26E00C7310E /* Poppins-ExtraLightItalic.ttf */ = {isa = PBXFileReference; lastKnownFileType = file; path = "Poppins-ExtraLightItalic.ttf"; sourceTree = "<group>"; };
		670E32A22B94A26E00C7310E /* Poppins-BoldItalic.ttf */ = {isa = PBXFileReference; lastKnownFileType = file; path = "Poppins-BoldItalic.ttf"; sourceTree = "<group>"; };
		670E32A32B94A26E00C7310E /* Poppins-Light.ttf */ = {isa = PBXFileReference; lastKnownFileType = file; path = "Poppins-Light.ttf"; sourceTree = "<group>"; };
		670E32A42B94A26E00C7310E /* Poppins-Medium.ttf */ = {isa = PBXFileReference; lastKnownFileType = file; path = "Poppins-Medium.ttf"; sourceTree = "<group>"; };
		670E32A52B94A26E00C7310E /* Poppins-SemiBoldItalic.ttf */ = {isa = PBXFileReference; lastKnownFileType = file; path = "Poppins-SemiBoldItalic.ttf"; sourceTree = "<group>"; };
		670E32A62B94A26E00C7310E /* Poppins-ExtraBoldItalic.ttf */ = {isa = PBXFileReference; lastKnownFileType = file; path = "Poppins-ExtraBoldItalic.ttf"; sourceTree = "<group>"; };
		670E32A72B94A26E00C7310E /* Poppins-ExtraBold.ttf */ = {isa = PBXFileReference; lastKnownFileType = file; path = "Poppins-ExtraBold.ttf"; sourceTree = "<group>"; };
		670E32A82B94A26E00C7310E /* Poppins-BlackItalic.ttf */ = {isa = PBXFileReference; lastKnownFileType = file; path = "Poppins-BlackItalic.ttf"; sourceTree = "<group>"; };
		670E32A92B94A26E00C7310E /* OFL.txt */ = {isa = PBXFileReference; fileEncoding = 4; lastKnownFileType = text; path = OFL.txt; sourceTree = "<group>"; };
		670E32AA2B94A26E00C7310E /* Poppins-Regular.ttf */ = {isa = PBXFileReference; lastKnownFileType = file; path = "Poppins-Regular.ttf"; sourceTree = "<group>"; };
		670E32AB2B94A26E00C7310E /* Poppins-LightItalic.ttf */ = {isa = PBXFileReference; lastKnownFileType = file; path = "Poppins-LightItalic.ttf"; sourceTree = "<group>"; };
		670E32AC2B94A26E00C7310E /* Poppins-Bold.ttf */ = {isa = PBXFileReference; lastKnownFileType = file; path = "Poppins-Bold.ttf"; sourceTree = "<group>"; };
		670E32AD2B94A26E00C7310E /* Poppins-Black.ttf */ = {isa = PBXFileReference; lastKnownFileType = file; path = "Poppins-Black.ttf"; sourceTree = "<group>"; };
		670E32AE2B94A26E00C7310E /* Poppins-Thin.ttf */ = {isa = PBXFileReference; lastKnownFileType = file; path = "Poppins-Thin.ttf"; sourceTree = "<group>"; };
		670E32AF2B94A26E00C7310E /* Poppins-SemiBold.ttf */ = {isa = PBXFileReference; lastKnownFileType = file; path = "Poppins-SemiBold.ttf"; sourceTree = "<group>"; };
		670E32B02B94A26E00C7310E /* Poppins-Italic.ttf */ = {isa = PBXFileReference; lastKnownFileType = file; path = "Poppins-Italic.ttf"; sourceTree = "<group>"; };
		670E32B12B94A26E00C7310E /* Poppins-MediumItalic.ttf */ = {isa = PBXFileReference; lastKnownFileType = file; path = "Poppins-MediumItalic.ttf"; sourceTree = "<group>"; };
		670E32C52B94A30500C7310E /* Info.plist */ = {isa = PBXFileReference; lastKnownFileType = text.plist; path = Info.plist; sourceTree = "<group>"; };
		6725F1852BA83D5D00236182 /* WebService.swift */ = {isa = PBXFileReference; lastKnownFileType = sourcecode.swift; path = WebService.swift; sourceTree = "<group>"; };
		673929462B8FEA3A00F9B266 /* CalendarCardView.swift */ = {isa = PBXFileReference; lastKnownFileType = sourcecode.swift; path = CalendarCardView.swift; sourceTree = "<group>"; };
		673929482B8FEA4500F9B266 /* QuickyCardView.swift */ = {isa = PBXFileReference; lastKnownFileType = sourcecode.swift; path = QuickyCardView.swift; sourceTree = "<group>"; };
		6739294A2B8FEA5100F9B266 /* CertificatesCardView.swift */ = {isa = PBXFileReference; lastKnownFileType = sourcecode.swift; path = CertificatesCardView.swift; sourceTree = "<group>"; };
		6739294C2B8FEA5B00F9B266 /* BadgesCardView.swift */ = {isa = PBXFileReference; lastKnownFileType = sourcecode.swift; path = BadgesCardView.swift; sourceTree = "<group>"; };
		6739294E2B90A70000F9B266 /* CardShape.swift */ = {isa = PBXFileReference; lastKnownFileType = sourcecode.swift; path = CardShape.swift; sourceTree = "<group>"; };
		673929502B90C7A700F9B266 /* CertificateModel.swift */ = {isa = PBXFileReference; lastKnownFileType = sourcecode.swift; path = CertificateModel.swift; sourceTree = "<group>"; };
		673929522B90EFEA00F9B266 /* FindPeopleView.swift */ = {isa = PBXFileReference; lastKnownFileType = sourcecode.swift; path = FindPeopleView.swift; sourceTree = "<group>"; };
		673929542B90F34A00F9B266 /* MyCustomButtonStyle.swift */ = {isa = PBXFileReference; lastKnownFileType = sourcecode.swift; path = MyCustomButtonStyle.swift; sourceTree = "<group>"; };
		673929562B91106E00F9B266 /* DailyTaskModel.swift */ = {isa = PBXFileReference; lastKnownFileType = sourcecode.swift; path = DailyTaskModel.swift; sourceTree = "<group>"; };
		673929582B915B8600F9B266 /* QuickSkillQuizView.swift */ = {isa = PBXFileReference; lastKnownFileType = sourcecode.swift; path = QuickSkillQuizView.swift; sourceTree = "<group>"; };
		6739295A2B92188400F9B266 /* LessonView.swift */ = {isa = PBXFileReference; lastKnownFileType = sourcecode.swift; path = LessonView.swift; sourceTree = "<group>"; };
		6739295D2B9218A500F9B266 /* YouTubeView.swift */ = {isa = PBXFileReference; lastKnownFileType = sourcecode.swift; path = YouTubeView.swift; sourceTree = "<group>"; };
		67392A222B9366EB00F9B266 /* SnapCarouselView.swift */ = {isa = PBXFileReference; lastKnownFileType = sourcecode.swift; path = SnapCarouselView.swift; sourceTree = "<group>"; };
		67392A252B936A6C00F9B266 /* SnapCarousel.swift */ = {isa = PBXFileReference; lastKnownFileType = sourcecode.swift; path = SnapCarousel.swift; sourceTree = "<group>"; };
		674A604A2B82C26600D21116 /* PresentationView.swift */ = {isa = PBXFileReference; lastKnownFileType = sourcecode.swift; path = PresentationView.swift; sourceTree = "<group>"; };
		674A60822B83EA3A00D21116 /* LogInView.swift */ = {isa = PBXFileReference; lastKnownFileType = sourcecode.swift; path = LogInView.swift; sourceTree = "<group>"; };
		674A60842B83EE0500D21116 /* UserModel.swift */ = {isa = PBXFileReference; lastKnownFileType = sourcecode.swift; path = UserModel.swift; sourceTree = "<group>"; };
		674A60862B83EEE000D21116 /* RegistrationView.swift */ = {isa = PBXFileReference; lastKnownFileType = sourcecode.swift; path = RegistrationView.swift; sourceTree = "<group>"; };
		674A608A2B83F47100D21116 /* MainView.swift */ = {isa = PBXFileReference; lastKnownFileType = sourcecode.swift; path = MainView.swift; sourceTree = "<group>"; };
		674A608E2B84D4AD00D21116 /* SocialNetworksView.swift */ = {isa = PBXFileReference; lastKnownFileType = sourcecode.swift; path = SocialNetworksView.swift; sourceTree = "<group>"; };
		674A60902B84D54700D21116 /* ResetPasswordView.swift */ = {isa = PBXFileReference; lastKnownFileType = sourcecode.swift; path = ResetPasswordView.swift; sourceTree = "<group>"; };
		674A60922B84E15E00D21116 /* ResetPasswordViewModel.swift */ = {isa = PBXFileReference; lastKnownFileType = sourcecode.swift; path = ResetPasswordViewModel.swift; sourceTree = "<group>"; };
		674A60962B852FEB00D21116 /* LeaderBoardView.swift */ = {isa = PBXFileReference; lastKnownFileType = sourcecode.swift; path = LeaderBoardView.swift; sourceTree = "<group>"; };
		674A60982B8531FF00D21116 /* CommunityView.swift */ = {isa = PBXFileReference; lastKnownFileType = sourcecode.swift; path = CommunityView.swift; sourceTree = "<group>"; };
		674A609A2B85321400D21116 /* ProfileView.swift */ = {isa = PBXFileReference; lastKnownFileType = sourcecode.swift; path = ProfileView.swift; sourceTree = "<group>"; };
		674A609C2B85326A00D21116 /* TabBarView.swift */ = {isa = PBXFileReference; lastKnownFileType = sourcecode.swift; path = TabBarView.swift; sourceTree = "<group>"; };
		674A609E2B85328600D21116 /* MyHomeView.swift */ = {isa = PBXFileReference; lastKnownFileType = sourcecode.swift; path = MyHomeView.swift; sourceTree = "<group>"; };
		674A60A22B860E0000D21116 /* LeagueModel.swift */ = {isa = PBXFileReference; lastKnownFileType = sourcecode.swift; path = LeagueModel.swift; sourceTree = "<group>"; };
		674A60A72B88C12900D21116 /* GoalModel.swift */ = {isa = PBXFileReference; lastKnownFileType = sourcecode.swift; path = GoalModel.swift; sourceTree = "<group>"; };
		674A60A92B88C21300D21116 /* SettingsView.swift */ = {isa = PBXFileReference; lastKnownFileType = sourcecode.swift; path = SettingsView.swift; sourceTree = "<group>"; };
		674A60AB2B88C27600D21116 /* Fonts.swift */ = {isa = PBXFileReference; lastKnownFileType = sourcecode.swift; path = Fonts.swift; sourceTree = "<group>"; };
		674A60AD2B88D1B900D21116 /* ProfileSettingsView.swift */ = {isa = PBXFileReference; lastKnownFileType = sourcecode.swift; path = ProfileSettingsView.swift; sourceTree = "<group>"; };
		674A60AF2B88D1C900D21116 /* ChangePasswordView.swift */ = {isa = PBXFileReference; lastKnownFileType = sourcecode.swift; path = ChangePasswordView.swift; sourceTree = "<group>"; };
		674A60B12B88D1D700D21116 /* DeleteAccountView.swift */ = {isa = PBXFileReference; lastKnownFileType = sourcecode.swift; path = DeleteAccountView.swift; sourceTree = "<group>"; };
		674A60B32B88D1EB00D21116 /* GoalSettingView.swift */ = {isa = PBXFileReference; lastKnownFileType = sourcecode.swift; path = GoalSettingView.swift; sourceTree = "<group>"; };
		674A60B52B88D75000D21116 /* ContactUsView.swift */ = {isa = PBXFileReference; lastKnownFileType = sourcecode.swift; path = ContactUsView.swift; sourceTree = "<group>"; };
		674A60B72B88DEBA00D21116 /* LinkStringView.swift */ = {isa = PBXFileReference; lastKnownFileType = sourcecode.swift; path = LinkStringView.swift; sourceTree = "<group>"; };
		674A60B92B892B1E00D21116 /* GoalSliderView.swift */ = {isa = PBXFileReference; lastKnownFileType = sourcecode.swift; path = GoalSliderView.swift; sourceTree = "<group>"; };
		674A60BB2B8B8C7E00D21116 /* GetProView.swift */ = {isa = PBXFileReference; lastKnownFileType = sourcecode.swift; path = GetProView.swift; sourceTree = "<group>"; };
		674A60BD2B8B965400D21116 /* CardsProView.swift */ = {isa = PBXFileReference; lastKnownFileType = sourcecode.swift; path = CardsProView.swift; sourceTree = "<group>"; };
		674A60BF2B8BF6D800D21116 /* ShopView.swift */ = {isa = PBXFileReference; lastKnownFileType = sourcecode.swift; path = ShopView.swift; sourceTree = "<group>"; };
		674A60C12B8C84D300D21116 /* ProLinkStringView.swift */ = {isa = PBXFileReference; lastKnownFileType = sourcecode.swift; path = ProLinkStringView.swift; sourceTree = "<group>"; };
		674A60C32B8D145500D21116 /* KeychainManager.swift */ = {isa = PBXFileReference; lastKnownFileType = sourcecode.swift; path = KeychainManager.swift; sourceTree = "<group>"; };
		674A60C82B8D16C700D21116 /* UserViewModel.swift */ = {isa = PBXFileReference; lastKnownFileType = sourcecode.swift; path = UserViewModel.swift; sourceTree = "<group>"; };
		674A60CA2B8D433500D21116 /* CourseModel.swift */ = {isa = PBXFileReference; lastKnownFileType = sourcecode.swift; path = CourseModel.swift; sourceTree = "<group>"; };
		674A60CC2B8D436300D21116 /* LectureModel.swift */ = {isa = PBXFileReference; lastKnownFileType = sourcecode.swift; path = LectureModel.swift; sourceTree = "<group>"; };
		674A60CE2B8D437900D21116 /* PracticeModel.swift */ = {isa = PBXFileReference; lastKnownFileType = sourcecode.swift; path = PracticeModel.swift; sourceTree = "<group>"; };
		674A60D02B8D439100D21116 /* QuestionModel.swift */ = {isa = PBXFileReference; lastKnownFileType = sourcecode.swift; path = QuestionModel.swift; sourceTree = "<group>"; };
		674A60D22B8E2EAD00D21116 /* CommentModel.swift */ = {isa = PBXFileReference; lastKnownFileType = sourcecode.swift; path = CommentModel.swift; sourceTree = "<group>"; };
		674A60D42B8E43FD00D21116 /* BadgeModel.swift */ = {isa = PBXFileReference; lastKnownFileType = sourcecode.swift; path = BadgeModel.swift; sourceTree = "<group>"; };
		674A60D62B8E544600D21116 /* AllCoursesView.swift */ = {isa = PBXFileReference; lastKnownFileType = sourcecode.swift; path = AllCoursesView.swift; sourceTree = "<group>"; };
		674A60D82B8E56F500D21116 /* CourseItemView.swift */ = {isa = PBXFileReference; lastKnownFileType = sourcecode.swift; path = CourseItemView.swift; sourceTree = "<group>"; };
		674A60DA2B8E898100D21116 /* CourseView.swift */ = {isa = PBXFileReference; lastKnownFileType = sourcecode.swift; path = CourseView.swift; sourceTree = "<group>"; };
		674A60DC2B8E9C3200D21116 /* ProgressCircleView.swift */ = {isa = PBXFileReference; lastKnownFileType = sourcecode.swift; path = ProgressCircleView.swift; sourceTree = "<group>"; };
		675ED2302B77A0110039F0E9 /* QuickSkill.app */ = {isa = PBXFileReference; explicitFileType = wrapper.application; includeInIndex = 0; path = QuickSkill.app; sourceTree = BUILT_PRODUCTS_DIR; };
		675ED2332B77A0110039F0E9 /* QuickSkillApp.swift */ = {isa = PBXFileReference; lastKnownFileType = sourcecode.swift; path = QuickSkillApp.swift; sourceTree = "<group>"; };
		675ED2352B77A0110039F0E9 /* ContentView.swift */ = {isa = PBXFileReference; lastKnownFileType = sourcecode.swift; path = ContentView.swift; sourceTree = "<group>"; };
		675ED2372B77A0130039F0E9 /* Assets.xcassets */ = {isa = PBXFileReference; lastKnownFileType = folder.assetcatalog; path = Assets.xcassets; sourceTree = "<group>"; };
		675ED23A2B77A0130039F0E9 /* Preview Assets.xcassets */ = {isa = PBXFileReference; lastKnownFileType = folder.assetcatalog; path = "Preview Assets.xcassets"; sourceTree = "<group>"; };
		675ED2402B77A0130039F0E9 /* QuickSkillTests.xctest */ = {isa = PBXFileReference; explicitFileType = wrapper.cfbundle; includeInIndex = 0; path = QuickSkillTests.xctest; sourceTree = BUILT_PRODUCTS_DIR; };
		675ED2442B77A0130039F0E9 /* QuickSkillTests.swift */ = {isa = PBXFileReference; lastKnownFileType = sourcecode.swift; path = QuickSkillTests.swift; sourceTree = "<group>"; };
		675ED24A2B77A0140039F0E9 /* QuickSkillUITests.xctest */ = {isa = PBXFileReference; explicitFileType = wrapper.cfbundle; includeInIndex = 0; path = QuickSkillUITests.xctest; sourceTree = BUILT_PRODUCTS_DIR; };
		675ED24E2B77A0140039F0E9 /* QuickSkillUITests.swift */ = {isa = PBXFileReference; lastKnownFileType = sourcecode.swift; path = QuickSkillUITests.swift; sourceTree = "<group>"; };
		675ED2502B77A0140039F0E9 /* QuickSkillUITestsLaunchTests.swift */ = {isa = PBXFileReference; lastKnownFileType = sourcecode.swift; path = QuickSkillUITestsLaunchTests.swift; sourceTree = "<group>"; };
		676FBAE12BB0EE8F00B1EDB5 /* SheetBattery.swift */ = {isa = PBXFileReference; lastKnownFileType = sourcecode.swift; path = SheetBattery.swift; sourceTree = "<group>"; };
		676FBAE62BB1F49E00B1EDB5 /* SheetCrystall.swift */ = {isa = PBXFileReference; lastKnownFileType = sourcecode.swift; path = SheetCrystall.swift; sourceTree = "<group>"; };
		676FBAE82BB1F5E600B1EDB5 /* SheetStreak.swift */ = {isa = PBXFileReference; lastKnownFileType = sourcecode.swift; path = SheetStreak.swift; sourceTree = "<group>"; };
		676FBAEA2BB2354000B1EDB5 /* CustomSearchBarView.swift */ = {isa = PBXFileReference; lastKnownFileType = sourcecode.swift; path = CustomSearchBarView.swift; sourceTree = "<group>"; };
		676FBAEC2BB23C2500B1EDB5 /* FilterView.swift */ = {isa = PBXFileReference; lastKnownFileType = sourcecode.swift; path = FilterView.swift; sourceTree = "<group>"; };
		676FBAEE2BB24DAA00B1EDB5 /* ConfirmationView.swift */ = {isa = PBXFileReference; lastKnownFileType = sourcecode.swift; path = ConfirmationView.swift; sourceTree = "<group>"; };
		676FBAF02BB252D700B1EDB5 /* File.swift */ = {isa = PBXFileReference; lastKnownFileType = sourcecode.swift; path = File.swift; sourceTree = "<group>"; };
		67CAF5232BA3ACB400A44658 /* NetworkServiceWithAlamofire.swift */ = {isa = PBXFileReference; lastKnownFileType = sourcecode.swift; path = NetworkServiceWithAlamofire.swift; sourceTree = "<group>"; };
		67CAF5292BA3F4E900A44658 /* Structs.swift */ = {isa = PBXFileReference; lastKnownFileType = sourcecode.swift; path = Structs.swift; sourceTree = "<group>"; };
/* End PBXFileReference section */

/* Begin PBXFrameworksBuildPhase section */
		675ED22D2B77A0110039F0E9 /* Frameworks */ = {
			isa = PBXFrameworksBuildPhase;
			buildActionMask = 2147483647;
			files = (
				676FBAE02BB0ED0500B1EDB5 /* PartialSheet in Frameworks */,
				674A60C72B8D15DF00D21116 /* KeychainSwift in Frameworks */,
				67538CA62BA4970100D8D733 /* Alamofire in Frameworks */,
			);
			runOnlyForDeploymentPostprocessing = 0;
		};
		675ED23D2B77A0130039F0E9 /* Frameworks */ = {
			isa = PBXFrameworksBuildPhase;
			buildActionMask = 2147483647;
			files = (
			);
			runOnlyForDeploymentPostprocessing = 0;
		};
		675ED2472B77A0140039F0E9 /* Frameworks */ = {
			isa = PBXFrameworksBuildPhase;
			buildActionMask = 2147483647;
			files = (
			);
			runOnlyForDeploymentPostprocessing = 0;
		};
/* End PBXFrameworksBuildPhase section */

/* Begin PBXGroup section */
		670E329E2B94A26E00C7310E /* Poppins */ = {
			isa = PBXGroup;
			children = (
				670E329F2B94A26E00C7310E /* Poppins-ExtraLight.ttf */,
				670E32A02B94A26E00C7310E /* Poppins-ThinItalic.ttf */,
				670E32A12B94A26E00C7310E /* Poppins-ExtraLightItalic.ttf */,
				670E32A22B94A26E00C7310E /* Poppins-BoldItalic.ttf */,
				670E32A32B94A26E00C7310E /* Poppins-Light.ttf */,
				670E32A42B94A26E00C7310E /* Poppins-Medium.ttf */,
				670E32A52B94A26E00C7310E /* Poppins-SemiBoldItalic.ttf */,
				670E32A62B94A26E00C7310E /* Poppins-ExtraBoldItalic.ttf */,
				670E32A72B94A26E00C7310E /* Poppins-ExtraBold.ttf */,
				670E32A82B94A26E00C7310E /* Poppins-BlackItalic.ttf */,
				670E32A92B94A26E00C7310E /* OFL.txt */,
				670E32AA2B94A26E00C7310E /* Poppins-Regular.ttf */,
				670E32AB2B94A26E00C7310E /* Poppins-LightItalic.ttf */,
				670E32AC2B94A26E00C7310E /* Poppins-Bold.ttf */,
				670E32AD2B94A26E00C7310E /* Poppins-Black.ttf */,
				670E32AE2B94A26E00C7310E /* Poppins-Thin.ttf */,
				670E32AF2B94A26E00C7310E /* Poppins-SemiBold.ttf */,
				670E32B02B94A26E00C7310E /* Poppins-Italic.ttf */,
				670E32B12B94A26E00C7310E /* Poppins-MediumItalic.ttf */,
			);
			path = Poppins;
			sourceTree = "<group>";
		};
		6739295C2B92188D00F9B266 /* Lesson */ = {
			isa = PBXGroup;
			children = (
				674A60D22B8E2EAD00D21116 /* CommentModel.swift */,
				674A60CC2B8D436300D21116 /* LectureModel.swift */,
				674A60D02B8D439100D21116 /* QuestionModel.swift */,
				6739295A2B92188400F9B266 /* LessonView.swift */,
				6739295D2B9218A500F9B266 /* YouTubeView.swift */,
			);
			path = Lesson;
			sourceTree = "<group>";
		};
		67392A242B936A3800F9B266 /* UIKitCarousel */ = {
			isa = PBXGroup;
			children = (
				67392A252B936A6C00F9B266 /* SnapCarousel.swift */,
			);
			path = UIKitCarousel;
			sourceTree = "<group>";
		};
		675ED2272B77A0110039F0E9 = {
			isa = PBXGroup;
			children = (
				67CAF5222BA3ABEC00A44658 /* Others */,
				67CAF5152BA3A89300A44658 /* SubPages */,
				675ED29B2B77C0450039F0E9 /* Pages */,
				675ED2322B77A0110039F0E9 /* QuickSkill */,
				675ED2432B77A0130039F0E9 /* QuickSkillTests */,
				675ED24D2B77A0140039F0E9 /* QuickSkillUITests */,
				675ED2312B77A0110039F0E9 /* Products */,
			);
			sourceTree = "<group>";
		};
		675ED2312B77A0110039F0E9 /* Products */ = {
			isa = PBXGroup;
			children = (
				675ED2302B77A0110039F0E9 /* QuickSkill.app */,
				675ED2402B77A0130039F0E9 /* QuickSkillTests.xctest */,
				675ED24A2B77A0140039F0E9 /* QuickSkillUITests.xctest */,
			);
			name = Products;
			sourceTree = "<group>";
		};
		675ED2322B77A0110039F0E9 /* QuickSkill */ = {
			isa = PBXGroup;
			children = (
				670E32C52B94A30500C7310E /* Info.plist */,
				675ED2332B77A0110039F0E9 /* QuickSkillApp.swift */,
				675ED2352B77A0110039F0E9 /* ContentView.swift */,
				675ED2372B77A0130039F0E9 /* Assets.xcassets */,
				675ED2392B77A0130039F0E9 /* Preview Content */,
			);
			path = QuickSkill;
			sourceTree = "<group>";
		};
		675ED2392B77A0130039F0E9 /* Preview Content */ = {
			isa = PBXGroup;
			children = (
				675ED23A2B77A0130039F0E9 /* Preview Assets.xcassets */,
			);
			path = "Preview Content";
			sourceTree = "<group>";
		};
		675ED2432B77A0130039F0E9 /* QuickSkillTests */ = {
			isa = PBXGroup;
			children = (
				675ED2442B77A0130039F0E9 /* QuickSkillTests.swift */,
			);
			path = QuickSkillTests;
			sourceTree = "<group>";
		};
		675ED24D2B77A0140039F0E9 /* QuickSkillUITests */ = {
			isa = PBXGroup;
			children = (
				675ED24E2B77A0140039F0E9 /* QuickSkillUITests.swift */,
				675ED2502B77A0140039F0E9 /* QuickSkillUITestsLaunchTests.swift */,
			);
			path = QuickSkillUITests;
			sourceTree = "<group>";
		};
		675ED25D2B77A0540039F0E9 /* TabBar */ = {
			isa = PBXGroup;
			children = (
				674A609C2B85326A00D21116 /* TabBarView.swift */,
			);
			path = TabBar;
			sourceTree = "<group>";
		};
		675ED25E2B77A0670039F0E9 /* MyHome */ = {
			isa = PBXGroup;
			children = (
				674A609E2B85328600D21116 /* MyHomeView.swift */,
			);
			path = MyHome;
			sourceTree = "<group>";
		};
		675ED25F2B77A0730039F0E9 /* Profile */ = {
			isa = PBXGroup;
			children = (
				67CAF5262BA3B15500A44658 /* ProfileViews */,
				67CAF5252BA3B13B00A44658 /* User */,
				673929502B90C7A700F9B266 /* CertificateModel.swift */,
				674A60C32B8D145500D21116 /* KeychainManager.swift */,
				674A60922B84E15E00D21116 /* ResetPasswordViewModel.swift */,
				673929562B91106E00F9B266 /* DailyTaskModel.swift */,
				6739294E2B90A70000F9B266 /* CardShape.swift */,
			);
			path = Profile;
			sourceTree = "<group>";
		};
		675ED2602B77A07A0039F0E9 /* LeaderBoard */ = {
			isa = PBXGroup;
			children = (
				67392A242B936A3800F9B266 /* UIKitCarousel */,
				674A60962B852FEB00D21116 /* LeaderBoardView.swift */,
				67392A222B9366EB00F9B266 /* SnapCarouselView.swift */,
				670E329C2B9498BD00C7310E /* LeaderboardRowView.swift */,
			);
			path = LeaderBoard;
			sourceTree = "<group>";
		};
		675ED2612B77A0830039F0E9 /* Community */ = {
			isa = PBXGroup;
			children = (
				675ED2762B77B0A40039F0E9 /* CommunityView */,
				674A60982B8531FF00D21116 /* CommunityView.swift */,
			);
			path = Community;
			sourceTree = "<group>";
		};
		675ED2622B77A0AB0039F0E9 /* Courses */ = {
			isa = PBXGroup;
			children = (
				674A60CA2B8D433500D21116 /* CourseModel.swift */,
				67CAF5172BA3A92400A44658 /* CourseView */,
				675ED2842B77B4890039F0E9 /* AllCoursesView */,
			);
			path = Courses;
			sourceTree = "<group>";
		};
		675ED2632B77A1420039F0E9 /* Authorization */ = {
			isa = PBXGroup;
			children = (
				674A60902B84D54700D21116 /* ResetPasswordView.swift */,
				674A608E2B84D4AD00D21116 /* SocialNetworksView.swift */,
				674A604A2B82C26600D21116 /* PresentationView.swift */,
				674A60862B83EEE000D21116 /* RegistrationView.swift */,
				674A60822B83EA3A00D21116 /* LogInView.swift */,
			);
			path = Authorization;
			sourceTree = "<group>";
		};
		675ED2692B77AD450039F0E9 /* QuickSkillQuiz */ = {
			isa = PBXGroup;
			children = (
				673929582B915B8600F9B266 /* QuickSkillQuizView.swift */,
			);
			path = QuickSkillQuiz;
			sourceTree = "<group>";
		};
		675ED26A2B77AD590039F0E9 /* GetPro */ = {
			isa = PBXGroup;
			children = (
				674A60BB2B8B8C7E00D21116 /* GetProView.swift */,
				674A60BD2B8B965400D21116 /* CardsProView.swift */,
			);
			path = GetPro;
			sourceTree = "<group>";
		};
		675ED2762B77B0A40039F0E9 /* CommunityView */ = {
			isa = PBXGroup;
			children = (
				675ED28E2B77B7FD0039F0E9 /* NewAnswerView */,
				675ED28D2B77B7670039F0E9 /* DiscussView */,
				675ED2832B77B46A0039F0E9 /* CreateDiscussView */,
			);
			name = CommunityView;
			path = ../../Views/CommunityView;
			sourceTree = "<group>";
		};
		675ED27D2B77B2C40039F0E9 /* PracticeView */ = {
			isa = PBXGroup;
			children = (
				675ED2812B77B41D0039F0E9 /* QuickyPracticeView */,
			);
			name = PracticeView;
			path = ../../Views/CoursesView/PracticeView;
			sourceTree = "<group>";
		};
		675ED27F2B77B3E60039F0E9 /* CompilerView */ = {
			isa = PBXGroup;
			children = (
			);
			name = CompilerView;
			path = ../../Views/CoursesView/CompilerView;
			sourceTree = "<group>";
		};
		675ED2812B77B41D0039F0E9 /* QuickyPracticeView */ = {
			isa = PBXGroup;
			children = (
			);
			path = QuickyPracticeView;
			sourceTree = "<group>";
		};
		675ED2832B77B46A0039F0E9 /* CreateDiscussView */ = {
			isa = PBXGroup;
			children = (
			);
			path = CreateDiscussView;
			sourceTree = "<group>";
		};
		675ED2842B77B4890039F0E9 /* AllCoursesView */ = {
			isa = PBXGroup;
			children = (
				676FBAEC2BB23C2500B1EDB5 /* FilterView.swift */,
				674A60D62B8E544600D21116 /* AllCoursesView.swift */,
				676FBAEA2BB2354000B1EDB5 /* CustomSearchBarView.swift */,
				674A60D82B8E56F500D21116 /* CourseItemView.swift */,
			);
			path = AllCoursesView;
			sourceTree = "<group>";
		};
		675ED2862B77B50E0039F0E9 /* DeleteAccount */ = {
			isa = PBXGroup;
			children = (
				674A60B12B88D1D700D21116 /* DeleteAccountView.swift */,
				674A60B72B88DEBA00D21116 /* LinkStringView.swift */,
			);
			path = DeleteAccount;
			sourceTree = "<group>";
		};
		675ED2872B77B5370039F0E9 /* ChangePassword */ = {
			isa = PBXGroup;
			children = (
				674A60AF2B88D1C900D21116 /* ChangePasswordView.swift */,
			);
			path = ChangePassword;
			sourceTree = "<group>";
		};
		675ED2882B77B5C00039F0E9 /* ProfileSettings */ = {
			isa = PBXGroup;
			children = (
				674A60AD2B88D1B900D21116 /* ProfileSettingsView.swift */,
			);
			path = ProfileSettings;
			sourceTree = "<group>";
		};
		675ED2892B77B5DB0039F0E9 /* SettingView */ = {
			isa = PBXGroup;
			children = (
				675ED28A2B77B5F30039F0E9 /* Goal */,
				675ED2862B77B50E0039F0E9 /* DeleteAccount */,
				675ED2872B77B5370039F0E9 /* ChangePassword */,
				675ED2882B77B5C00039F0E9 /* ProfileSettings */,
				674A60A92B88C21300D21116 /* SettingsView.swift */,
			);
			path = SettingView;
			sourceTree = "<group>";
		};
		675ED28A2B77B5F30039F0E9 /* Goal */ = {
			isa = PBXGroup;
			children = (
				674A60A72B88C12900D21116 /* GoalModel.swift */,
				674A60B32B88D1EB00D21116 /* GoalSettingView.swift */,
				674A60B92B892B1E00D21116 /* GoalSliderView.swift */,
			);
			path = Goal;
			sourceTree = "<group>";
		};
		675ED28C2B77B74C0039F0E9 /* ShopView */ = {
			isa = PBXGroup;
			children = (
				674A60BF2B8BF6D800D21116 /* ShopView.swift */,
				674A60C12B8C84D300D21116 /* ProLinkStringView.swift */,
			);
			path = ShopView;
			sourceTree = "<group>";
		};
		675ED28D2B77B7670039F0E9 /* DiscussView */ = {
			isa = PBXGroup;
			children = (
			);
			path = DiscussView;
			sourceTree = "<group>";
		};
		675ED28E2B77B7FD0039F0E9 /* NewAnswerView */ = {
			isa = PBXGroup;
			children = (
			);
			path = NewAnswerView;
			sourceTree = "<group>";
		};
		675ED29B2B77C0450039F0E9 /* Pages */ = {
			isa = PBXGroup;
			children = (
				67CAF51B2BA3AA1000A44658 /* Seminar */,
				67CAF51A2BA3A99800A44658 /* Settings */,
				67CAF5192BA3A97F00A44658 /* SearchUser */,
				67CAF5182BA3A96800A44658 /* Shop */,
				6739295C2B92188D00F9B266 /* Lesson */,
				675ED2692B77AD450039F0E9 /* QuickSkillQuiz */,
				675ED26A2B77AD590039F0E9 /* GetPro */,
				675ED2632B77A1420039F0E9 /* Authorization */,
				675ED2622B77A0AB0039F0E9 /* Courses */,
				675ED2612B77A0830039F0E9 /* Community */,
				675ED2602B77A07A0039F0E9 /* LeaderBoard */,
				675ED25F2B77A0730039F0E9 /* Profile */,
				675ED25E2B77A0670039F0E9 /* MyHome */,
				675ED25D2B77A0540039F0E9 /* TabBar */,
				674A608A2B83F47100D21116 /* MainView.swift */,
			);
			path = Pages;
			sourceTree = "<group>";
		};
		676FBAE52BB1F47800B1EDB5 /* PartialSheets */ = {
			isa = PBXGroup;
			children = (
				676FBAE12BB0EE8F00B1EDB5 /* SheetBattery.swift */,
				676FBAE62BB1F49E00B1EDB5 /* SheetCrystall.swift */,
				676FBAE82BB1F5E600B1EDB5 /* SheetStreak.swift */,
			);
			path = PartialSheets;
			sourceTree = "<group>";
		};
		67CAF5152BA3A89300A44658 /* SubPages */ = {
			isa = PBXGroup;
			children = (
				67CAF51C2BA3AA6500A44658 /* Leagues */,
				67CAF5162BA3A8CC00A44658 /* Badges */,
			);
			path = SubPages;
			sourceTree = "<group>";
		};
		67CAF5162BA3A8CC00A44658 /* Badges */ = {
			isa = PBXGroup;
			children = (
				674A60D42B8E43FD00D21116 /* BadgeModel.swift */,
			);
			path = Badges;
			sourceTree = "<group>";
		};
		67CAF5172BA3A92400A44658 /* CourseView */ = {
			isa = PBXGroup;
			children = (
				674A60DC2B8E9C3200D21116 /* ProgressCircleView.swift */,
				674A60DA2B8E898100D21116 /* CourseView.swift */,
			);
			path = CourseView;
			sourceTree = "<group>";
		};
		67CAF5182BA3A96800A44658 /* Shop */ = {
			isa = PBXGroup;
			children = (
				675ED28C2B77B74C0039F0E9 /* ShopView */,
				676FBAEE2BB24DAA00B1EDB5 /* ConfirmationView.swift */,
			);
			path = Shop;
			sourceTree = "<group>";
		};
		67CAF5192BA3A97F00A44658 /* SearchUser */ = {
			isa = PBXGroup;
			children = (
				673929522B90EFEA00F9B266 /* FindPeopleView.swift */,
			);
			path = SearchUser;
			sourceTree = "<group>";
		};
		67CAF51A2BA3A99800A44658 /* Settings */ = {
			isa = PBXGroup;
			children = (
				674A60B52B88D75000D21116 /* ContactUsView.swift */,
				675ED2892B77B5DB0039F0E9 /* SettingView */,
			);
			path = Settings;
			sourceTree = "<group>";
		};
		67CAF51B2BA3AA1000A44658 /* Seminar */ = {
			isa = PBXGroup;
			children = (
				674A60CE2B8D437900D21116 /* PracticeModel.swift */,
				675ED27D2B77B2C40039F0E9 /* PracticeView */,
				675ED27F2B77B3E60039F0E9 /* CompilerView */,
			);
			path = Seminar;
			sourceTree = "<group>";
		};
		67CAF51C2BA3AA6500A44658 /* Leagues */ = {
			isa = PBXGroup;
			children = (
				674A60A22B860E0000D21116 /* LeagueModel.swift */,
			);
			path = Leagues;
			sourceTree = "<group>";
		};
		67CAF5222BA3ABEC00A44658 /* Others */ = {
			isa = PBXGroup;
			children = (
				676FBAE52BB1F47800B1EDB5 /* PartialSheets */,
				670E329E2B94A26E00C7310E /* Poppins */,
				673929542B90F34A00F9B266 /* MyCustomButtonStyle.swift */,
				674A60AB2B88C27600D21116 /* Fonts.swift */,
				67CAF5232BA3ACB400A44658 /* NetworkServiceWithAlamofire.swift */,
				67CAF5292BA3F4E900A44658 /* Structs.swift */,
				6725F1852BA83D5D00236182 /* WebService.swift */,
				676FBAF02BB252D700B1EDB5 /* File.swift */,
			);
			path = Others;
			sourceTree = "<group>";
		};
		67CAF5252BA3B13B00A44658 /* User */ = {
			isa = PBXGroup;
			children = (
				674A60C82B8D16C700D21116 /* UserViewModel.swift */,
				674A60842B83EE0500D21116 /* UserModel.swift */,
			);
			path = User;
			sourceTree = "<group>";
		};
		67CAF5262BA3B15500A44658 /* ProfileViews */ = {
			isa = PBXGroup;
			children = (
				673929482B8FEA4500F9B266 /* QuickyCardView.swift */,
				6739294C2B8FEA5B00F9B266 /* BadgesCardView.swift */,
				673929462B8FEA3A00F9B266 /* CalendarCardView.swift */,
				6739294A2B8FEA5100F9B266 /* CertificatesCardView.swift */,
				674A609A2B85321400D21116 /* ProfileView.swift */,
			);
			path = ProfileViews;
			sourceTree = "<group>";
		};
/* End PBXGroup section */

/* Begin PBXNativeTarget section */
		675ED22F2B77A0110039F0E9 /* QuickSkill */ = {
			isa = PBXNativeTarget;
			buildConfigurationList = 675ED2542B77A0140039F0E9 /* Build configuration list for PBXNativeTarget "QuickSkill" */;
			buildPhases = (
				675ED22C2B77A0110039F0E9 /* Sources */,
				675ED22D2B77A0110039F0E9 /* Frameworks */,
				675ED22E2B77A0110039F0E9 /* Resources */,
			);
			buildRules = (
			);
			dependencies = (
			);
			name = QuickSkill;
			packageProductDependencies = (
				674A60C62B8D15DF00D21116 /* KeychainSwift */,
				67538CA52BA4970100D8D733 /* Alamofire */,
				676FBADF2BB0ED0500B1EDB5 /* PartialSheet */,
			);
			productName = QuickSkill;
			productReference = 675ED2302B77A0110039F0E9 /* QuickSkill.app */;
			productType = "com.apple.product-type.application";
		};
		675ED23F2B77A0130039F0E9 /* QuickSkillTests */ = {
			isa = PBXNativeTarget;
			buildConfigurationList = 675ED2572B77A0140039F0E9 /* Build configuration list for PBXNativeTarget "QuickSkillTests" */;
			buildPhases = (
				675ED23C2B77A0130039F0E9 /* Sources */,
				675ED23D2B77A0130039F0E9 /* Frameworks */,
				675ED23E2B77A0130039F0E9 /* Resources */,
			);
			buildRules = (
			);
			dependencies = (
				675ED2422B77A0130039F0E9 /* PBXTargetDependency */,
			);
			name = QuickSkillTests;
			productName = QuickSkillTests;
			productReference = 675ED2402B77A0130039F0E9 /* QuickSkillTests.xctest */;
			productType = "com.apple.product-type.bundle.unit-test";
		};
		675ED2492B77A0140039F0E9 /* QuickSkillUITests */ = {
			isa = PBXNativeTarget;
			buildConfigurationList = 675ED25A2B77A0140039F0E9 /* Build configuration list for PBXNativeTarget "QuickSkillUITests" */;
			buildPhases = (
				675ED2462B77A0140039F0E9 /* Sources */,
				675ED2472B77A0140039F0E9 /* Frameworks */,
				675ED2482B77A0140039F0E9 /* Resources */,
			);
			buildRules = (
			);
			dependencies = (
				675ED24C2B77A0140039F0E9 /* PBXTargetDependency */,
			);
			name = QuickSkillUITests;
			productName = QuickSkillUITests;
			productReference = 675ED24A2B77A0140039F0E9 /* QuickSkillUITests.xctest */;
			productType = "com.apple.product-type.bundle.ui-testing";
		};
/* End PBXNativeTarget section */

/* Begin PBXProject section */
		675ED2282B77A0110039F0E9 /* Project object */ = {
			isa = PBXProject;
			attributes = {
				BuildIndependentTargetsInParallel = 1;
				LastSwiftUpdateCheck = 1520;
				LastUpgradeCheck = 1520;
				TargetAttributes = {
					675ED22F2B77A0110039F0E9 = {
						CreatedOnToolsVersion = 15.2;
					};
					675ED23F2B77A0130039F0E9 = {
						CreatedOnToolsVersion = 15.2;
						TestTargetID = 675ED22F2B77A0110039F0E9;
					};
					675ED2492B77A0140039F0E9 = {
						CreatedOnToolsVersion = 15.2;
						TestTargetID = 675ED22F2B77A0110039F0E9;
					};
				};
			};
			buildConfigurationList = 675ED22B2B77A0110039F0E9 /* Build configuration list for PBXProject "QuickSkill" */;
			compatibilityVersion = "Xcode 14.0";
			developmentRegion = en;
			hasScannedForEncodings = 0;
			knownRegions = (
				en,
				Base,
			);
			mainGroup = 675ED2272B77A0110039F0E9;
			packageReferences = (
				674A60C52B8D15DF00D21116 /* XCRemoteSwiftPackageReference "keychain-swift" */,
				67538CA42BA4970100D8D733 /* XCRemoteSwiftPackageReference "Alamofire" */,
				676FBADE2BB0ED0500B1EDB5 /* XCRemoteSwiftPackageReference "PartialSheet" */,
			);
			productRefGroup = 675ED2312B77A0110039F0E9 /* Products */;
			projectDirPath = "";
			projectRoot = "";
			targets = (
				675ED22F2B77A0110039F0E9 /* QuickSkill */,
				675ED23F2B77A0130039F0E9 /* QuickSkillTests */,
				675ED2492B77A0140039F0E9 /* QuickSkillUITests */,
			);
		};
/* End PBXProject section */

/* Begin PBXResourcesBuildPhase section */
		675ED22E2B77A0110039F0E9 /* Resources */ = {
			isa = PBXResourcesBuildPhase;
			buildActionMask = 2147483647;
			files = (
				670E32B62B94A26E00C7310E /* Poppins-Light.ttf in Resources */,
				670E32C02B94A26E00C7310E /* Poppins-Black.ttf in Resources */,
				670E32BE2B94A26E00C7310E /* Poppins-LightItalic.ttf in Resources */,
				670E32C12B94A26E00C7310E /* Poppins-Thin.ttf in Resources */,
				670E32B22B94A26E00C7310E /* Poppins-ExtraLight.ttf in Resources */,
				670E32C22B94A26E00C7310E /* Poppins-SemiBold.ttf in Resources */,
				670E32BF2B94A26E00C7310E /* Poppins-Bold.ttf in Resources */,
				670E32B32B94A26E00C7310E /* Poppins-ThinItalic.ttf in Resources */,
				670E32B42B94A26E00C7310E /* Poppins-ExtraLightItalic.ttf in Resources */,
				670E32BB2B94A26E00C7310E /* Poppins-BlackItalic.ttf in Resources */,
				670E32B92B94A26E00C7310E /* Poppins-ExtraBoldItalic.ttf in Resources */,
				670E32B52B94A26E00C7310E /* Poppins-BoldItalic.ttf in Resources */,
				670E32B82B94A26E00C7310E /* Poppins-SemiBoldItalic.ttf in Resources */,
				670E32BC2B94A26E00C7310E /* OFL.txt in Resources */,
				670E32BD2B94A26E00C7310E /* Poppins-Regular.ttf in Resources */,
				670E32BA2B94A26E00C7310E /* Poppins-ExtraBold.ttf in Resources */,
				670E32B72B94A26E00C7310E /* Poppins-Medium.ttf in Resources */,
				675ED23B2B77A0130039F0E9 /* Preview Assets.xcassets in Resources */,
				670E32C32B94A26E00C7310E /* Poppins-Italic.ttf in Resources */,
				670E32C42B94A26E00C7310E /* Poppins-MediumItalic.ttf in Resources */,
				675ED2382B77A0130039F0E9 /* Assets.xcassets in Resources */,
			);
			runOnlyForDeploymentPostprocessing = 0;
		};
		675ED23E2B77A0130039F0E9 /* Resources */ = {
			isa = PBXResourcesBuildPhase;
			buildActionMask = 2147483647;
			files = (
			);
			runOnlyForDeploymentPostprocessing = 0;
		};
		675ED2482B77A0140039F0E9 /* Resources */ = {
			isa = PBXResourcesBuildPhase;
			buildActionMask = 2147483647;
			files = (
			);
			runOnlyForDeploymentPostprocessing = 0;
		};
/* End PBXResourcesBuildPhase section */

/* Begin PBXSourcesBuildPhase section */
		675ED22C2B77A0110039F0E9 /* Sources */ = {
			isa = PBXSourcesBuildPhase;
			buildActionMask = 2147483647;
			files = (
				674A609D2B85326A00D21116 /* TabBarView.swift in Sources */,
				673929572B91106E00F9B266 /* DailyTaskModel.swift in Sources */,
				673929512B90C7A700F9B266 /* CertificateModel.swift in Sources */,
				674A60B62B88D75000D21116 /* ContactUsView.swift in Sources */,
				674A60DB2B8E898100D21116 /* CourseView.swift in Sources */,
				6739294D2B8FEA5B00F9B266 /* BadgesCardView.swift in Sources */,
				675ED2362B77A0110039F0E9 /* ContentView.swift in Sources */,
				673929552B90F34A00F9B266 /* MyCustomButtonStyle.swift in Sources */,
				67CAF5242BA3ACB400A44658 /* NetworkServiceWithAlamofire.swift in Sources */,
				674A60A32B860E0000D21116 /* LeagueModel.swift in Sources */,
				673929592B915B8600F9B266 /* QuickSkillQuizView.swift in Sources */,
				6739294B2B8FEA5100F9B266 /* CertificatesCardView.swift in Sources */,
				6739294F2B90A70000F9B266 /* CardShape.swift in Sources */,
				676FBAED2BB23C2500B1EDB5 /* FilterView.swift in Sources */,
				673929472B8FEA3A00F9B266 /* CalendarCardView.swift in Sources */,
				674A60BE2B8B965400D21116 /* CardsProView.swift in Sources */,
				676FBAE72BB1F49E00B1EDB5 /* SheetCrystall.swift in Sources */,
				674A60BA2B892B1E00D21116 /* GoalSliderView.swift in Sources */,
				674A60972B852FEB00D21116 /* LeaderBoardView.swift in Sources */,
				674A60C42B8D145500D21116 /* KeychainManager.swift in Sources */,
				6725F1862BA83D5D00236182 /* WebService.swift in Sources */,
				674A60CD2B8D436300D21116 /* LectureModel.swift in Sources */,
				6739295E2B9218A500F9B266 /* YouTubeView.swift in Sources */,
				674A60C02B8BF6D800D21116 /* ShopView.swift in Sources */,
				674A608B2B83F47100D21116 /* MainView.swift in Sources */,
				674A60D32B8E2EAD00D21116 /* CommentModel.swift in Sources */,
				674A60C22B8C84D400D21116 /* ProLinkStringView.swift in Sources */,
				675ED2342B77A0110039F0E9 /* QuickSkillApp.swift in Sources */,
				676FBAEB2BB2354000B1EDB5 /* CustomSearchBarView.swift in Sources */,
				674A60832B83EA3A00D21116 /* LogInView.swift in Sources */,
				674A60AE2B88D1B900D21116 /* ProfileSettingsView.swift in Sources */,
				676FBAF12BB252D700B1EDB5 /* File.swift in Sources */,
				676FBAE22BB0EE8F00B1EDB5 /* SheetBattery.swift in Sources */,
				674A60AC2B88C27600D21116 /* Fonts.swift in Sources */,
				674A60DD2B8E9C3200D21116 /* ProgressCircleView.swift in Sources */,
				674A60C92B8D16C700D21116 /* UserViewModel.swift in Sources */,
				674A60B02B88D1C900D21116 /* ChangePasswordView.swift in Sources */,
				674A60932B84E15E00D21116 /* ResetPasswordViewModel.swift in Sources */,
				670E329D2B9498BD00C7310E /* LeaderboardRowView.swift in Sources */,
				673929532B90EFEA00F9B266 /* FindPeopleView.swift in Sources */,
				674A609B2B85321400D21116 /* ProfileView.swift in Sources */,
				674A60992B8531FF00D21116 /* CommunityView.swift in Sources */,
				67392A262B936A6C00F9B266 /* SnapCarousel.swift in Sources */,
				674A60852B83EE0500D21116 /* UserModel.swift in Sources */,
				674A60A82B88C12900D21116 /* GoalModel.swift in Sources */,
				674A60D52B8E43FD00D21116 /* BadgeModel.swift in Sources */,
				674A60872B83EEE000D21116 /* RegistrationView.swift in Sources */,
				6739295B2B92188400F9B266 /* LessonView.swift in Sources */,
				674A60B82B88DEBA00D21116 /* LinkStringView.swift in Sources */,
				674A60B42B88D1EB00D21116 /* GoalSettingView.swift in Sources */,
				674A60D72B8E544600D21116 /* AllCoursesView.swift in Sources */,
				674A60CB2B8D433500D21116 /* CourseModel.swift in Sources */,
				676FBAE92BB1F5E600B1EDB5 /* SheetStreak.swift in Sources */,
				674A609F2B85328600D21116 /* MyHomeView.swift in Sources */,
				67392A232B9366EB00F9B266 /* SnapCarouselView.swift in Sources */,
				674A60D92B8E56F500D21116 /* CourseItemView.swift in Sources */,
				676FBAEF2BB24DAA00B1EDB5 /* ConfirmationView.swift in Sources */,
				674A60912B84D54700D21116 /* ResetPasswordView.swift in Sources */,
				674A604B2B82C26600D21116 /* PresentationView.swift in Sources */,
				67CAF52A2BA3F4E900A44658 /* Structs.swift in Sources */,
				674A60B22B88D1D700D21116 /* DeleteAccountView.swift in Sources */,
				673929492B8FEA4500F9B266 /* QuickyCardView.swift in Sources */,
				674A608F2B84D4AD00D21116 /* SocialNetworksView.swift in Sources */,
				674A60AA2B88C21300D21116 /* SettingsView.swift in Sources */,
				674A60CF2B8D437900D21116 /* PracticeModel.swift in Sources */,
				674A60BC2B8B8C7E00D21116 /* GetProView.swift in Sources */,
				674A60D12B8D439100D21116 /* QuestionModel.swift in Sources */,
			);
			runOnlyForDeploymentPostprocessing = 0;
		};
		675ED23C2B77A0130039F0E9 /* Sources */ = {
			isa = PBXSourcesBuildPhase;
			buildActionMask = 2147483647;
			files = (
				675ED2452B77A0130039F0E9 /* QuickSkillTests.swift in Sources */,
			);
			runOnlyForDeploymentPostprocessing = 0;
		};
		675ED2462B77A0140039F0E9 /* Sources */ = {
			isa = PBXSourcesBuildPhase;
			buildActionMask = 2147483647;
			files = (
				675ED2512B77A0140039F0E9 /* QuickSkillUITestsLaunchTests.swift in Sources */,
				675ED24F2B77A0140039F0E9 /* QuickSkillUITests.swift in Sources */,
			);
			runOnlyForDeploymentPostprocessing = 0;
		};
/* End PBXSourcesBuildPhase section */

/* Begin PBXTargetDependency section */
		675ED2422B77A0130039F0E9 /* PBXTargetDependency */ = {
			isa = PBXTargetDependency;
			target = 675ED22F2B77A0110039F0E9 /* QuickSkill */;
			targetProxy = 675ED2412B77A0130039F0E9 /* PBXContainerItemProxy */;
		};
		675ED24C2B77A0140039F0E9 /* PBXTargetDependency */ = {
			isa = PBXTargetDependency;
			target = 675ED22F2B77A0110039F0E9 /* QuickSkill */;
			targetProxy = 675ED24B2B77A0140039F0E9 /* PBXContainerItemProxy */;
		};
/* End PBXTargetDependency section */

/* Begin XCBuildConfiguration section */
		675ED2522B77A0140039F0E9 /* Debug */ = {
			isa = XCBuildConfiguration;
			buildSettings = {
				ALWAYS_SEARCH_USER_PATHS = NO;
				ASSETCATALOG_COMPILER_GENERATE_SWIFT_ASSET_SYMBOL_EXTENSIONS = YES;
				CLANG_ANALYZER_NONNULL = YES;
				CLANG_ANALYZER_NUMBER_OBJECT_CONVERSION = YES_AGGRESSIVE;
				CLANG_CXX_LANGUAGE_STANDARD = "gnu++20";
				CLANG_ENABLE_MODULES = YES;
				CLANG_ENABLE_OBJC_ARC = YES;
				CLANG_ENABLE_OBJC_WEAK = YES;
				CLANG_WARN_BLOCK_CAPTURE_AUTORELEASING = YES;
				CLANG_WARN_BOOL_CONVERSION = YES;
				CLANG_WARN_COMMA = YES;
				CLANG_WARN_CONSTANT_CONVERSION = YES;
				CLANG_WARN_DEPRECATED_OBJC_IMPLEMENTATIONS = YES;
				CLANG_WARN_DIRECT_OBJC_ISA_USAGE = YES_ERROR;
				CLANG_WARN_DOCUMENTATION_COMMENTS = YES;
				CLANG_WARN_EMPTY_BODY = YES;
				CLANG_WARN_ENUM_CONVERSION = YES;
				CLANG_WARN_INFINITE_RECURSION = YES;
				CLANG_WARN_INT_CONVERSION = YES;
				CLANG_WARN_NON_LITERAL_NULL_CONVERSION = YES;
				CLANG_WARN_OBJC_IMPLICIT_RETAIN_SELF = YES;
				CLANG_WARN_OBJC_LITERAL_CONVERSION = YES;
				CLANG_WARN_OBJC_ROOT_CLASS = YES_ERROR;
				CLANG_WARN_QUOTED_INCLUDE_IN_FRAMEWORK_HEADER = YES;
				CLANG_WARN_RANGE_LOOP_ANALYSIS = YES;
				CLANG_WARN_STRICT_PROTOTYPES = YES;
				CLANG_WARN_SUSPICIOUS_MOVE = YES;
				CLANG_WARN_UNGUARDED_AVAILABILITY = YES_AGGRESSIVE;
				CLANG_WARN_UNREACHABLE_CODE = YES;
				CLANG_WARN__DUPLICATE_METHOD_MATCH = YES;
				COPY_PHASE_STRIP = NO;
				DEBUG_INFORMATION_FORMAT = dwarf;
				ENABLE_STRICT_OBJC_MSGSEND = YES;
				ENABLE_TESTABILITY = YES;
				ENABLE_USER_SCRIPT_SANDBOXING = YES;
				GCC_C_LANGUAGE_STANDARD = gnu17;
				GCC_DYNAMIC_NO_PIC = NO;
				GCC_NO_COMMON_BLOCKS = YES;
				GCC_OPTIMIZATION_LEVEL = 0;
				GCC_PREPROCESSOR_DEFINITIONS = (
					"DEBUG=1",
					"$(inherited)",
				);
				GCC_WARN_64_TO_32_BIT_CONVERSION = YES;
				GCC_WARN_ABOUT_RETURN_TYPE = YES_ERROR;
				GCC_WARN_UNDECLARED_SELECTOR = YES;
				GCC_WARN_UNINITIALIZED_AUTOS = YES_AGGRESSIVE;
				GCC_WARN_UNUSED_FUNCTION = YES;
				GCC_WARN_UNUSED_VARIABLE = YES;
				IPHONEOS_DEPLOYMENT_TARGET = 16.0;
				LOCALIZATION_PREFERS_STRING_CATALOGS = YES;
				MTL_ENABLE_DEBUG_INFO = INCLUDE_SOURCE;
				MTL_FAST_MATH = YES;
				ONLY_ACTIVE_ARCH = YES;
				SDKROOT = iphoneos;
				SWIFT_ACTIVE_COMPILATION_CONDITIONS = "DEBUG $(inherited)";
				SWIFT_OPTIMIZATION_LEVEL = "-Onone";
			};
			name = Debug;
		};
		675ED2532B77A0140039F0E9 /* Release */ = {
			isa = XCBuildConfiguration;
			buildSettings = {
				ALWAYS_SEARCH_USER_PATHS = NO;
				ASSETCATALOG_COMPILER_GENERATE_SWIFT_ASSET_SYMBOL_EXTENSIONS = YES;
				CLANG_ANALYZER_NONNULL = YES;
				CLANG_ANALYZER_NUMBER_OBJECT_CONVERSION = YES_AGGRESSIVE;
				CLANG_CXX_LANGUAGE_STANDARD = "gnu++20";
				CLANG_ENABLE_MODULES = YES;
				CLANG_ENABLE_OBJC_ARC = YES;
				CLANG_ENABLE_OBJC_WEAK = YES;
				CLANG_WARN_BLOCK_CAPTURE_AUTORELEASING = YES;
				CLANG_WARN_BOOL_CONVERSION = YES;
				CLANG_WARN_COMMA = YES;
				CLANG_WARN_CONSTANT_CONVERSION = YES;
				CLANG_WARN_DEPRECATED_OBJC_IMPLEMENTATIONS = YES;
				CLANG_WARN_DIRECT_OBJC_ISA_USAGE = YES_ERROR;
				CLANG_WARN_DOCUMENTATION_COMMENTS = YES;
				CLANG_WARN_EMPTY_BODY = YES;
				CLANG_WARN_ENUM_CONVERSION = YES;
				CLANG_WARN_INFINITE_RECURSION = YES;
				CLANG_WARN_INT_CONVERSION = YES;
				CLANG_WARN_NON_LITERAL_NULL_CONVERSION = YES;
				CLANG_WARN_OBJC_IMPLICIT_RETAIN_SELF = YES;
				CLANG_WARN_OBJC_LITERAL_CONVERSION = YES;
				CLANG_WARN_OBJC_ROOT_CLASS = YES_ERROR;
				CLANG_WARN_QUOTED_INCLUDE_IN_FRAMEWORK_HEADER = YES;
				CLANG_WARN_RANGE_LOOP_ANALYSIS = YES;
				CLANG_WARN_STRICT_PROTOTYPES = YES;
				CLANG_WARN_SUSPICIOUS_MOVE = YES;
				CLANG_WARN_UNGUARDED_AVAILABILITY = YES_AGGRESSIVE;
				CLANG_WARN_UNREACHABLE_CODE = YES;
				CLANG_WARN__DUPLICATE_METHOD_MATCH = YES;
				COPY_PHASE_STRIP = NO;
				DEBUG_INFORMATION_FORMAT = "dwarf-with-dsym";
				ENABLE_NS_ASSERTIONS = NO;
				ENABLE_STRICT_OBJC_MSGSEND = YES;
				ENABLE_USER_SCRIPT_SANDBOXING = YES;
				GCC_C_LANGUAGE_STANDARD = gnu17;
				GCC_NO_COMMON_BLOCKS = YES;
				GCC_WARN_64_TO_32_BIT_CONVERSION = YES;
				GCC_WARN_ABOUT_RETURN_TYPE = YES_ERROR;
				GCC_WARN_UNDECLARED_SELECTOR = YES;
				GCC_WARN_UNINITIALIZED_AUTOS = YES_AGGRESSIVE;
				GCC_WARN_UNUSED_FUNCTION = YES;
				GCC_WARN_UNUSED_VARIABLE = YES;
				IPHONEOS_DEPLOYMENT_TARGET = 16.0;
				LOCALIZATION_PREFERS_STRING_CATALOGS = YES;
				MTL_ENABLE_DEBUG_INFO = NO;
				MTL_FAST_MATH = YES;
				SDKROOT = iphoneos;
				SWIFT_COMPILATION_MODE = wholemodule;
				VALIDATE_PRODUCT = YES;
			};
			name = Release;
		};
		675ED2552B77A0140039F0E9 /* Debug */ = {
			isa = XCBuildConfiguration;
			buildSettings = {
				ASSETCATALOG_COMPILER_APPICON_NAME = AppIcon;
				ASSETCATALOG_COMPILER_GLOBAL_ACCENT_COLOR_NAME = AccentColor;
				CODE_SIGN_STYLE = Automatic;
				CURRENT_PROJECT_VERSION = 1;
				DEVELOPMENT_ASSET_PATHS = "\"QuickSkill/Preview Content\"";
				DEVELOPMENT_TEAM = RL488R9Y4Y;
				ENABLE_PREVIEWS = YES;
				GENERATE_INFOPLIST_FILE = YES;
				INFOPLIST_FILE = QuickSkill/Info.plist;
				INFOPLIST_KEY_UIApplicationSceneManifest_Generation = YES;
				INFOPLIST_KEY_UIApplicationSupportsIndirectInputEvents = YES;
				INFOPLIST_KEY_UILaunchScreen_Generation = YES;
				INFOPLIST_KEY_UISupportedInterfaceOrientations_iPad = "UIInterfaceOrientationPortrait UIInterfaceOrientationPortraitUpsideDown UIInterfaceOrientationLandscapeLeft UIInterfaceOrientationLandscapeRight";
				INFOPLIST_KEY_UISupportedInterfaceOrientations_iPhone = "UIInterfaceOrientationPortrait UIInterfaceOrientationLandscapeLeft UIInterfaceOrientationLandscapeRight";
				IPHONEOS_DEPLOYMENT_TARGET = 16.0;
				LD_RUNPATH_SEARCH_PATHS = (
					"$(inherited)",
					"@executable_path/Frameworks",
				);
				MARKETING_VERSION = 1.0;
				PRODUCT_BUNDLE_IDENTIFIER = QuickSkill.QuickSkill;
				PRODUCT_NAME = "$(TARGET_NAME)";
				SWIFT_EMIT_LOC_STRINGS = YES;
				SWIFT_VERSION = 5.0;
				TARGETED_DEVICE_FAMILY = "1,2";
			};
			name = Debug;
		};
		675ED2562B77A0140039F0E9 /* Release */ = {
			isa = XCBuildConfiguration;
			buildSettings = {
				ASSETCATALOG_COMPILER_APPICON_NAME = AppIcon;
				ASSETCATALOG_COMPILER_GLOBAL_ACCENT_COLOR_NAME = AccentColor;
				CODE_SIGN_STYLE = Automatic;
				CURRENT_PROJECT_VERSION = 1;
				DEVELOPMENT_ASSET_PATHS = "\"QuickSkill/Preview Content\"";
				DEVELOPMENT_TEAM = RL488R9Y4Y;
				ENABLE_PREVIEWS = YES;
				GENERATE_INFOPLIST_FILE = YES;
				INFOPLIST_FILE = QuickSkill/Info.plist;
				INFOPLIST_KEY_UIApplicationSceneManifest_Generation = YES;
				INFOPLIST_KEY_UIApplicationSupportsIndirectInputEvents = YES;
				INFOPLIST_KEY_UILaunchScreen_Generation = YES;
				INFOPLIST_KEY_UISupportedInterfaceOrientations_iPad = "UIInterfaceOrientationPortrait UIInterfaceOrientationPortraitUpsideDown UIInterfaceOrientationLandscapeLeft UIInterfaceOrientationLandscapeRight";
				INFOPLIST_KEY_UISupportedInterfaceOrientations_iPhone = "UIInterfaceOrientationPortrait UIInterfaceOrientationLandscapeLeft UIInterfaceOrientationLandscapeRight";
				IPHONEOS_DEPLOYMENT_TARGET = 16.0;
				LD_RUNPATH_SEARCH_PATHS = (
					"$(inherited)",
					"@executable_path/Frameworks",
				);
				MARKETING_VERSION = 1.0;
				PRODUCT_BUNDLE_IDENTIFIER = QuickSkill.QuickSkill;
				PRODUCT_NAME = "$(TARGET_NAME)";
				SWIFT_EMIT_LOC_STRINGS = YES;
				SWIFT_VERSION = 5.0;
				TARGETED_DEVICE_FAMILY = "1,2";
			};
			name = Release;
		};
		675ED2582B77A0140039F0E9 /* Debug */ = {
			isa = XCBuildConfiguration;
			buildSettings = {
				ALWAYS_EMBED_SWIFT_STANDARD_LIBRARIES = YES;
				BUNDLE_LOADER = "$(TEST_HOST)";
				CODE_SIGN_STYLE = Automatic;
				CURRENT_PROJECT_VERSION = 1;
				GENERATE_INFOPLIST_FILE = YES;
				IPHONEOS_DEPLOYMENT_TARGET = 15.0;
				MARKETING_VERSION = 1.0;
				PRODUCT_BUNDLE_IDENTIFIER = QuickSkill.QuickSkillTests;
				PRODUCT_NAME = "$(TARGET_NAME)";
				SWIFT_EMIT_LOC_STRINGS = NO;
				SWIFT_VERSION = 5.0;
				TARGETED_DEVICE_FAMILY = "1,2";
				TEST_HOST = "$(BUILT_PRODUCTS_DIR)/QuickSkill.app/$(BUNDLE_EXECUTABLE_FOLDER_PATH)/QuickSkill";
			};
			name = Debug;
		};
		675ED2592B77A0140039F0E9 /* Release */ = {
			isa = XCBuildConfiguration;
			buildSettings = {
				ALWAYS_EMBED_SWIFT_STANDARD_LIBRARIES = YES;
				BUNDLE_LOADER = "$(TEST_HOST)";
				CODE_SIGN_STYLE = Automatic;
				CURRENT_PROJECT_VERSION = 1;
				GENERATE_INFOPLIST_FILE = YES;
				IPHONEOS_DEPLOYMENT_TARGET = 15.0;
				MARKETING_VERSION = 1.0;
				PRODUCT_BUNDLE_IDENTIFIER = QuickSkill.QuickSkillTests;
				PRODUCT_NAME = "$(TARGET_NAME)";
				SWIFT_EMIT_LOC_STRINGS = NO;
				SWIFT_VERSION = 5.0;
				TARGETED_DEVICE_FAMILY = "1,2";
				TEST_HOST = "$(BUILT_PRODUCTS_DIR)/QuickSkill.app/$(BUNDLE_EXECUTABLE_FOLDER_PATH)/QuickSkill";
			};
			name = Release;
		};
		675ED25B2B77A0140039F0E9 /* Debug */ = {
			isa = XCBuildConfiguration;
			buildSettings = {
				ALWAYS_EMBED_SWIFT_STANDARD_LIBRARIES = YES;
				CODE_SIGN_STYLE = Automatic;
				CURRENT_PROJECT_VERSION = 1;
				GENERATE_INFOPLIST_FILE = YES;
				MARKETING_VERSION = 1.0;
				PRODUCT_BUNDLE_IDENTIFIER = QuickSkill.QuickSkillUITests;
				PRODUCT_NAME = "$(TARGET_NAME)";
				SWIFT_EMIT_LOC_STRINGS = NO;
				SWIFT_VERSION = 5.0;
				TARGETED_DEVICE_FAMILY = "1,2";
				TEST_TARGET_NAME = QuickSkill;
			};
			name = Debug;
		};
		675ED25C2B77A0140039F0E9 /* Release */ = {
			isa = XCBuildConfiguration;
			buildSettings = {
				ALWAYS_EMBED_SWIFT_STANDARD_LIBRARIES = YES;
				CODE_SIGN_STYLE = Automatic;
				CURRENT_PROJECT_VERSION = 1;
				GENERATE_INFOPLIST_FILE = YES;
				MARKETING_VERSION = 1.0;
				PRODUCT_BUNDLE_IDENTIFIER = QuickSkill.QuickSkillUITests;
				PRODUCT_NAME = "$(TARGET_NAME)";
				SWIFT_EMIT_LOC_STRINGS = NO;
				SWIFT_VERSION = 5.0;
				TARGETED_DEVICE_FAMILY = "1,2";
				TEST_TARGET_NAME = QuickSkill;
			};
			name = Release;
		};
/* End XCBuildConfiguration section */

/* Begin XCConfigurationList section */
		675ED22B2B77A0110039F0E9 /* Build configuration list for PBXProject "QuickSkill" */ = {
			isa = XCConfigurationList;
			buildConfigurations = (
				675ED2522B77A0140039F0E9 /* Debug */,
				675ED2532B77A0140039F0E9 /* Release */,
			);
			defaultConfigurationIsVisible = 0;
			defaultConfigurationName = Release;
		};
		675ED2542B77A0140039F0E9 /* Build configuration list for PBXNativeTarget "QuickSkill" */ = {
			isa = XCConfigurationList;
			buildConfigurations = (
				675ED2552B77A0140039F0E9 /* Debug */,
				675ED2562B77A0140039F0E9 /* Release */,
			);
			defaultConfigurationIsVisible = 0;
			defaultConfigurationName = Release;
		};
		675ED2572B77A0140039F0E9 /* Build configuration list for PBXNativeTarget "QuickSkillTests" */ = {
			isa = XCConfigurationList;
			buildConfigurations = (
				675ED2582B77A0140039F0E9 /* Debug */,
				675ED2592B77A0140039F0E9 /* Release */,
			);
			defaultConfigurationIsVisible = 0;
			defaultConfigurationName = Release;
		};
		675ED25A2B77A0140039F0E9 /* Build configuration list for PBXNativeTarget "QuickSkillUITests" */ = {
			isa = XCConfigurationList;
			buildConfigurations = (
				675ED25B2B77A0140039F0E9 /* Debug */,
				675ED25C2B77A0140039F0E9 /* Release */,
			);
			defaultConfigurationIsVisible = 0;
			defaultConfigurationName = Release;
		};
/* End XCConfigurationList section */

/* Begin XCRemoteSwiftPackageReference section */
		674A60C52B8D15DF00D21116 /* XCRemoteSwiftPackageReference "keychain-swift" */ = {
			isa = XCRemoteSwiftPackageReference;
			repositoryURL = "https://github.com/evgenyneu/keychain-swift.git";
			requirement = {
				kind = upToNextMajorVersion;
				minimumVersion = 21.0.0;
			};
		};
		67538CA42BA4970100D8D733 /* XCRemoteSwiftPackageReference "Alamofire" */ = {
			isa = XCRemoteSwiftPackageReference;
			repositoryURL = "https://github.com/Alamofire/Alamofire.git";
			requirement = {
				kind = upToNextMajorVersion;
				minimumVersion = 5.9.0;
			};
		};
		676FBADE2BB0ED0500B1EDB5 /* XCRemoteSwiftPackageReference "PartialSheet" */ = {
			isa = XCRemoteSwiftPackageReference;
			repositoryURL = "https://github.com/AndreaMiotto/PartialSheet";
			requirement = {
				kind = upToNextMajorVersion;
				minimumVersion = 3.1.1;
			};
		};
/* End XCRemoteSwiftPackageReference section */

/* Begin XCSwiftPackageProductDependency section */
		674A60C62B8D15DF00D21116 /* KeychainSwift */ = {
			isa = XCSwiftPackageProductDependency;
			package = 674A60C52B8D15DF00D21116 /* XCRemoteSwiftPackageReference "keychain-swift" */;
			productName = KeychainSwift;
		};
		67538CA52BA4970100D8D733 /* Alamofire */ = {
			isa = XCSwiftPackageProductDependency;
			package = 67538CA42BA4970100D8D733 /* XCRemoteSwiftPackageReference "Alamofire" */;
			productName = Alamofire;
		};
		676FBADF2BB0ED0500B1EDB5 /* PartialSheet */ = {
			isa = XCSwiftPackageProductDependency;
			package = 676FBADE2BB0ED0500B1EDB5 /* XCRemoteSwiftPackageReference "PartialSheet" */;
			productName = PartialSheet;
		};
/* End XCSwiftPackageProductDependency section */
	};
	rootObject = 675ED2282B77A0110039F0E9 /* Project object */;
}
